
Microsoft Visual Studio Solution File, Format Version 12.00
# Visual Studio 14
VisualStudioVersion = 14.0.25420.1
MinimumVisualStudioVersion = 10.0.40219.1
Project("{FAE04EC0-301F-11D3-BF4B-00C04F79EFBC}") = "IdentityServerApp", "IdentityServerApp\IdentityServerApp.csproj", "{D77D7333-1FC5-47CA-A6C0-5B8F2EF25341}"
EndProject
Project("{FAE04EC0-301F-11D3-BF4B-00C04F79EFBC}") = "WebApiServerApp", "WebApiServerApp\WebApiServerApp.csproj", "{5279BC3D-06EE-4C5B-9EB0-B1C27946F2C7}"
EndProject
Global
	GlobalSection(SolutionConfigurationPlatforms) = preSolution
		Debug|Any CPU = Debug|Any CPU
		Release|Any CPU = Release|Any CPU
	EndGlobalSection
	GlobalSection(ProjectConfigurationPlatforms) = postSolution
		{D77D7333-1FC5-47CA-A6C0-5B8F2EF25341}.Debug|Any CPU.ActiveCfg = Debug|Any CPU
		{D77D7333-1FC5-47CA-A6C0-5B8F2EF25341}.Debug|Any CPU.Build.0 = Debug|Any CPU
		{D77D7333-1FC5-47CA-A6C0-5B8F2EF25341}.Release|Any CPU.ActiveCfg = Release|Any CPU
		{D77D7333-1FC5-47CA-A6C0-5B8F2EF25341}.Release|Any CPU.Build.0 = Release|Any CPU
		{5279BC3D-06EE-4C5B-9EB0-B1C27946F2C7}.Debug|Any CPU.ActiveCfg = Debug|Any CPU
		{5279BC3D-06EE-4C5B-9EB0-B1C27946F2C7}.Debug|Any CPU.Build.0 = Debug|Any CPU
		{5279BC3D-06EE-4C5B-9EB0-B1C27946F2C7}.Release|Any CPU.ActiveCfg = Release|Any CPU
		{5279BC3D-06EE-4C5B-9EB0-B1C27946F2C7}.Release|Any CPU.Build.0 = Release|Any CPU
	EndGlobalSection
	GlobalSection(SolutionProperties) = preSolution
		HideSolutionNode = FALSE
	EndGlobalSection
EndGlobal
